{
  "pins" : [
    {
      "identity" : "iqkeyboardmanager",
      "kind" : "remoteSourceControl",
      "location" : "https://github.com/hackiftekhar/IQKeyboardManager.git",
      "state" : {
        "revision" : "ea08e08958890043019d248065fe3d825f338087",
        "version" : "6.5.12"
      }
    },
    {
      "identity" : "kingfisher",
      "kind" : "remoteSourceControl",
      "location" : "https://github.com/onevcat/Kingfisher.git",
      "state" : {
        "revision" : "b6f62758f21a8c03cd64f4009c037cfa580a256e",
        "version" : "7.9.1"
      }
    }
  ],
  "version" : 2
}
